{
  "name": "LarpDev",
  "lockfileVersion": 2,
  "requires": true,
  "packages": {
    "": {
      "dependencies": {
        "grpc-web": "^1.4.1"
      }
    },
    "node_modules/grpc-web": {
      "version": "1.4.1",
      "resolved": "https://registry.npmjs.org/grpc-web/-/grpc-web-1.4.1.tgz",
      "integrity": "sha512-rZb/vubTg58iWjytpq/aXDpDaAePuXby7kpQqOgrGkVy4FxM2LPz5vjxAcFhWf7peKvLQDhYFk8f7dvH3cZTlw=="
    }
  },
  "dependencies": {
    "grpc-web": {
      "version": "1.4.1",
      "resolved": "https://registry.npmjs.org/grpc-web/-/grpc-web-1.4.1.tgz",
      "integrity": "sha512-rZb/vubTg58iWjytpq/aXDpDaAePuXby7kpQqOgrGkVy4FxM2LPz5vjxAcFhWf7peKvLQDhYFk8f7dvH3cZTlw=="
    }
  }
}
