# THIS IS AN AUTOGENERATED FILE. DO NOT EDIT THIS FILE DIRECTLY.
# yarn lockfile v1


"grpc-web@^1.4.1":
  "integrity" "sha512-rZb/vubTg58iWjytpq/aXDpDaAePuXby7kpQqOgrGkVy4FxM2LPz5vjxAcFhWf7peKvLQDhYFk8f7dvH3cZTlw=="
  "resolved" "https://registry.npmjs.org/grpc-web/-/grpc-web-1.4.1.tgz"
  "version" "1.4.1"
