
Microsoft Visual Studio Solution File, Format Version 12.00
Project("{FAE04EC0-301F-11D3-BF4B-00C04F79EFBC}") = "Larp.Data", "Larp.Data\Larp.Data.csproj", "{5563929E-33BC-4C59-9296-7EE4655FE491}"
EndProject
Project("{FAE04EC0-301F-11D3-BF4B-00C04F79EFBC}") = "Larp.Data.Seeder", "Larp.Data.Seeder\Larp.Data.Seeder.csproj", "{F8EBEE6B-C2F8-416A-AFAC-AA4AD2CA6283}"
EndProject
Project("{FAE04EC0-301F-11D3-BF4B-00C04F79EFBC}") = "Larp.Common", "Larp.Common\Larp.Common.csproj", "{A2A28EEE-8E04-4965-AD7F-90C83E628E98}"
EndProject
Project("{FAE04EC0-301F-11D3-BF4B-00C04F79EFBC}") = "Larp.Data.TestFixture", "Larp.Data.TestFixture\Larp.Data.TestFixture.csproj", "{F9829411-71BE-4296-9A75-86209BFF4F19}"
EndProject
Project("{FAE04EC0-301F-11D3-BF4B-00C04F79EFBC}") = "Larp.Test.Common", "Larp.Test.Common\Larp.Test.Common.csproj", "{54ACE940-2D11-423B-8E5A-F893B27456AC}"
EndProject
Project("{FAE04EC0-301F-11D3-BF4B-00C04F79EFBC}") = "Larp.Data.Tests", "Larp.Data.Tests\Larp.Data.Tests.csproj", "{854139E2-11FB-4D5B-8199-2817A579542C}"
EndProject
Project("{FAE04EC0-301F-11D3-BF4B-00C04F79EFBC}") = "Larp.Notify", "Larp.Notify\Larp.Notify.csproj", "{60C7DB05-B827-4088-AFB6-6D25F54235B8}"
EndProject
Project("{FAE04EC0-301F-11D3-BF4B-00C04F79EFBC}") = "Larp.Landing.Server", "Larp.Landing\Server\Larp.Landing.Server.csproj", "{9AD1DC08-02FA-4915-A24A-553E5B5B329A}"
EndProject
Project("{FAE04EC0-301F-11D3-BF4B-00C04F79EFBC}") = "Larp.Landing.Client", "Larp.Landing\Client\Larp.Landing.Client.csproj", "{CFFA4FF2-6FFA-4BE7-B672-ABBBFDB0649A}"
EndProject
Project("{FAE04EC0-301F-11D3-BF4B-00C04F79EFBC}") = "Larp.Landing.Shared", "Larp.Landing\Shared\Larp.Landing.Shared.csproj", "{CF1978EA-7989-4875-A133-17703CA9FC92}"
EndProject
Project("{FAE04EC0-301F-11D3-BF4B-00C04F79EFBC}") = "Larp.Data.Mongo", "Larp.Data.Mongo\Larp.Data.Mongo.csproj", "{B862D9E8-C480-4E63-8E6A-A968683A884C}"
EndProject
Global
	GlobalSection(SolutionConfigurationPlatforms) = preSolution
		Debug|Any CPU = Debug|Any CPU
		Release|Any CPU = Release|Any CPU
	EndGlobalSection
	GlobalSection(ProjectConfigurationPlatforms) = postSolution
		{5563929E-33BC-4C59-9296-7EE4655FE491}.Debug|Any CPU.ActiveCfg = Debug|Any CPU
		{5563929E-33BC-4C59-9296-7EE4655FE491}.Debug|Any CPU.Build.0 = Debug|Any CPU
		{5563929E-33BC-4C59-9296-7EE4655FE491}.Release|Any CPU.ActiveCfg = Release|Any CPU
		{5563929E-33BC-4C59-9296-7EE4655FE491}.Release|Any CPU.Build.0 = Release|Any CPU
		{F8EBEE6B-C2F8-416A-AFAC-AA4AD2CA6283}.Debug|Any CPU.ActiveCfg = Debug|Any CPU
		{F8EBEE6B-C2F8-416A-AFAC-AA4AD2CA6283}.Debug|Any CPU.Build.0 = Debug|Any CPU
		{F8EBEE6B-C2F8-416A-AFAC-AA4AD2CA6283}.Release|Any CPU.ActiveCfg = Release|Any CPU
		{F8EBEE6B-C2F8-416A-AFAC-AA4AD2CA6283}.Release|Any CPU.Build.0 = Release|Any CPU
		{A2A28EEE-8E04-4965-AD7F-90C83E628E98}.Debug|Any CPU.ActiveCfg = Debug|Any CPU
		{A2A28EEE-8E04-4965-AD7F-90C83E628E98}.Debug|Any CPU.Build.0 = Debug|Any CPU
		{A2A28EEE-8E04-4965-AD7F-90C83E628E98}.Release|Any CPU.ActiveCfg = Release|Any CPU
		{A2A28EEE-8E04-4965-AD7F-90C83E628E98}.Release|Any CPU.Build.0 = Release|Any CPU
		{F9829411-71BE-4296-9A75-86209BFF4F19}.Debug|Any CPU.ActiveCfg = Debug|Any CPU
		{F9829411-71BE-4296-9A75-86209BFF4F19}.Debug|Any CPU.Build.0 = Debug|Any CPU
		{F9829411-71BE-4296-9A75-86209BFF4F19}.Release|Any CPU.ActiveCfg = Release|Any CPU
		{F9829411-71BE-4296-9A75-86209BFF4F19}.Release|Any CPU.Build.0 = Release|Any CPU
		{54ACE940-2D11-423B-8E5A-F893B27456AC}.Debug|Any CPU.ActiveCfg = Debug|Any CPU
		{54ACE940-2D11-423B-8E5A-F893B27456AC}.Debug|Any CPU.Build.0 = Debug|Any CPU
		{54ACE940-2D11-423B-8E5A-F893B27456AC}.Release|Any CPU.ActiveCfg = Release|Any CPU
		{54ACE940-2D11-423B-8E5A-F893B27456AC}.Release|Any CPU.Build.0 = Release|Any CPU
		{854139E2-11FB-4D5B-8199-2817A579542C}.Debug|Any CPU.ActiveCfg = Debug|Any CPU
		{854139E2-11FB-4D5B-8199-2817A579542C}.Debug|Any CPU.Build.0 = Debug|Any CPU
		{854139E2-11FB-4D5B-8199-2817A579542C}.Release|Any CPU.ActiveCfg = Release|Any CPU
		{854139E2-11FB-4D5B-8199-2817A579542C}.Release|Any CPU.Build.0 = Release|Any CPU
		{60C7DB05-B827-4088-AFB6-6D25F54235B8}.Debug|Any CPU.ActiveCfg = Debug|Any CPU
		{60C7DB05-B827-4088-AFB6-6D25F54235B8}.Debug|Any CPU.Build.0 = Debug|Any CPU
		{60C7DB05-B827-4088-AFB6-6D25F54235B8}.Release|Any CPU.ActiveCfg = Release|Any CPU
		{60C7DB05-B827-4088-AFB6-6D25F54235B8}.Release|Any CPU.Build.0 = Release|Any CPU
		{9AD1DC08-02FA-4915-A24A-553E5B5B329A}.Debug|Any CPU.ActiveCfg = Debug|Any CPU
		{9AD1DC08-02FA-4915-A24A-553E5B5B329A}.Debug|Any CPU.Build.0 = Debug|Any CPU
		{9AD1DC08-02FA-4915-A24A-553E5B5B329A}.Release|Any CPU.ActiveCfg = Release|Any CPU
		{9AD1DC08-02FA-4915-A24A-553E5B5B329A}.Release|Any CPU.Build.0 = Release|Any CPU
		{CFFA4FF2-6FFA-4BE7-B672-ABBBFDB0649A}.Debug|Any CPU.ActiveCfg = Debug|Any CPU
		{CFFA4FF2-6FFA-4BE7-B672-ABBBFDB0649A}.Debug|Any CPU.Build.0 = Debug|Any CPU
		{CFFA4FF2-6FFA-4BE7-B672-ABBBFDB0649A}.Release|Any CPU.ActiveCfg = Release|Any CPU
		{CFFA4FF2-6FFA-4BE7-B672-ABBBFDB0649A}.Release|Any CPU.Build.0 = Release|Any CPU
		{CF1978EA-7989-4875-A133-17703CA9FC92}.Debug|Any CPU.ActiveCfg = Debug|Any CPU
		{CF1978EA-7989-4875-A133-17703CA9FC92}.Debug|Any CPU.Build.0 = Debug|Any CPU
		{CF1978EA-7989-4875-A133-17703CA9FC92}.Release|Any CPU.ActiveCfg = Release|Any CPU
		{CF1978EA-7989-4875-A133-17703CA9FC92}.Release|Any CPU.Build.0 = Release|Any CPU
		{B862D9E8-C480-4E63-8E6A-A968683A884C}.Debug|Any CPU.ActiveCfg = Debug|Any CPU
		{B862D9E8-C480-4E63-8E6A-A968683A884C}.Debug|Any CPU.Build.0 = Debug|Any CPU
		{B862D9E8-C480-4E63-8E6A-A968683A884C}.Release|Any CPU.ActiveCfg = Release|Any CPU
		{B862D9E8-C480-4E63-8E6A-A968683A884C}.Release|Any CPU.Build.0 = Release|Any CPU
	EndGlobalSection
EndGlobal
